
Microsoft Visual Studio Solution File, Format Version 12.00
# Visual Studio Version 17
VisualStudioVersion = 17.0.31903.59
MinimumVisualStudioVersion = 10.0.40219.1
Project("{2150E333-8FDC-42A3-9474-1A3956D46DE8}") = "src", "src", "{D52ADBCC-FF21-4C35-8DBF-932B1A317067}"
EndProject
Project("{FAE04EC0-301F-11D3-BF4B-00C04F79EFBC}") = "Part1", "src\Part1\Part1.csproj", "{F8D868CF-9199-4B0D-AF7C-E5D571276614}"
EndProject
Project("{FAE04EC0-301F-11D3-BF4B-00C04F79EFBC}") = "Part2", "src\Part2\Part2.csproj", "{2DE86E98-5B95-4BBC-87B5-3CCF0D4C297D}"
EndProject
Global
	GlobalSection(SolutionConfigurationPlatforms) = preSolution
		Debug|Any CPU = Debug|Any CPU
		Release|Any CPU = Release|Any CPU
	EndGlobalSection
	GlobalSection(SolutionProperties) = preSolution
		HideSolutionNode = FALSE
	EndGlobalSection
	GlobalSection(ProjectConfigurationPlatforms) = postSolution
		{F8D868CF-9199-4B0D-AF7C-E5D571276614}.Debug|Any CPU.ActiveCfg = Debug|Any CPU
		{F8D868CF-9199-4B0D-AF7C-E5D571276614}.Debug|Any CPU.Build.0 = Debug|Any CPU
		{F8D868CF-9199-4B0D-AF7C-E5D571276614}.Release|Any CPU.ActiveCfg = Release|Any CPU
		{F8D868CF-9199-4B0D-AF7C-E5D571276614}.Release|Any CPU.Build.0 = Release|Any CPU
		{2DE86E98-5B95-4BBC-87B5-3CCF0D4C297D}.Debug|Any CPU.ActiveCfg = Debug|Any CPU
		{2DE86E98-5B95-4BBC-87B5-3CCF0D4C297D}.Debug|Any CPU.Build.0 = Debug|Any CPU
		{2DE86E98-5B95-4BBC-87B5-3CCF0D4C297D}.Release|Any CPU.ActiveCfg = Release|Any CPU
		{2DE86E98-5B95-4BBC-87B5-3CCF0D4C297D}.Release|Any CPU.Build.0 = Release|Any CPU
	EndGlobalSection
	GlobalSection(NestedProjects) = preSolution
		{F8D868CF-9199-4B0D-AF7C-E5D571276614} = {D52ADBCC-FF21-4C35-8DBF-932B1A317067}
		{2DE86E98-5B95-4BBC-87B5-3CCF0D4C297D} = {D52ADBCC-FF21-4C35-8DBF-932B1A317067}
	EndGlobalSection
EndGlobal
